
Microsoft Visual Studio Solution File, Format Version 12.00
# Visual Studio 2012
Project("{FAE04EC0-301F-11D3-BF4B-00C04F79EFBC}") = "ProjetoSoma", "ProjetoSoma\ProjetoSoma.csproj", "{1B3941A4-69D6-4214-ACFF-02B78E83D2A5}"
EndProject
Global
	GlobalSection(SolutionConfigurationPlatforms) = preSolution
		Debug|Any CPU = Debug|Any CPU
		Release|Any CPU = Release|Any CPU
	EndGlobalSection
	GlobalSection(ProjectConfigurationPlatforms) = postSolution
		{1B3941A4-69D6-4214-ACFF-02B78E83D2A5}.Debug|Any CPU.ActiveCfg = Debug|Any CPU
		{1B3941A4-69D6-4214-ACFF-02B78E83D2A5}.Debug|Any CPU.Build.0 = Debug|Any CPU
		{1B3941A4-69D6-4214-ACFF-02B78E83D2A5}.Release|Any CPU.ActiveCfg = Release|Any CPU
		{1B3941A4-69D6-4214-ACFF-02B78E83D2A5}.Release|Any CPU.Build.0 = Release|Any CPU
	EndGlobalSection
	GlobalSection(SolutionProperties) = preSolution
		HideSolutionNode = FALSE
	EndGlobalSection
EndGlobal
